// !$*UTF8*$!
{
	archiveVersion = 1;
	classes = {
	};
	objectVersion = 46;
	objects = {

/* Begin PBXBuildFile section */
		2515984F169DF2E60025FBFC /* UIKit.framework in Frameworks */ = {isa = PBXBuildFile; fileRef = 2515984E169DF2E60025FBFC /* UIKit.framework */; };
		25159851169DF2E60025FBFC /* Foundation.framework in Frameworks */ = {isa = PBXBuildFile; fileRef = 25159850169DF2E60025FBFC /* Foundation.framework */; };
		25159853169DF2E60025FBFC /* CoreGraphics.framework in Frameworks */ = {isa = PBXBuildFile; fileRef = 25159852169DF2E60025FBFC /* CoreGraphics.framework */; };
		25159859169DF2E60025FBFC /* InfoPlist.strings in Resources */ = {isa = PBXBuildFile; fileRef = 25159857169DF2E60025FBFC /* InfoPlist.strings */; };
		2515985B169DF2E60025FBFC /* main.m in Sources */ = {isa = PBXBuildFile; fileRef = 2515985A169DF2E60025FBFC /* main.m */; };
		2515985F169DF2E60025FBFC /* AppDelegate.m in Sources */ = {isa = PBXBuildFile; fileRef = 2515985E169DF2E60025FBFC /* AppDelegate.m */; };
		25159862169DF2E60025FBFC /* MainStoryboard.storyboard in Resources */ = {isa = PBXBuildFile; fileRef = 25159860169DF2E60025FBFC /* MainStoryboard.storyboard */; };
		25159865169DF2E60025FBFC /* ViewController.m in Sources */ = {isa = PBXBuildFile; fileRef = 25159864169DF2E60025FBFC /* ViewController.m */; };
		55052A1616EFB49900ABA2B1 /* MessageUI.framework in Frameworks */ = {isa = PBXBuildFile; fileRef = 55052A1516EFB49900ABA2B1 /* MessageUI.framework */; };
		55174D4816D59B6B00FD48DD /* Muscle.tiff in Resources */ = {isa = PBXBuildFile; fileRef = 55174D4716D59B6B00FD48DD /* Muscle.tiff */; };
		55174D6216D6F1EF00FD48DD /* my day highlighted.png in Resources */ = {isa = PBXBuildFile; fileRef = 55174D5E16D6F1EF00FD48DD /* my day highlighted.png */; };
		552235E916AB4D8900CD23FA /* hermuscle icon.jpg in Resources */ = {isa = PBXBuildFile; fileRef = 552235E116AB4D8900CD23FA /* hermuscle icon.jpg */; };
		5538C23A16B9F69B00917192 /* LogInView.m in Sources */ = {isa = PBXBuildFile; fileRef = 5538C23916B9F69900917192 /* LogInView.m */; };
		553A9DB616F66F8B0054C7D3 /* libsqlite3.0.dylib in Frameworks */ = {isa = PBXBuildFile; fileRef = 553A9DB516F66F8A0054C7D3 /* libsqlite3.0.dylib */; };
		553A9DBA1703E1D50054C7D3 /* twitter-bird-blue-on-white.png in Resources */ = {isa = PBXBuildFile; fileRef = 553A9DB71703E1D50054C7D3 /* twitter-bird-blue-on-white.png */; };
		553A9DBB1703E1D50054C7D3 /* twitter-bird-light-bgs.png in Resources */ = {isa = PBXBuildFile; fileRef = 553A9DB81703E1D50054C7D3 /* twitter-bird-light-bgs.png */; };
		553A9DBC1703E1D50054C7D3 /* twitter-bird-white-on-blue.png in Resources */ = {isa = PBXBuildFile; fileRef = 553A9DB91703E1D50054C7D3 /* twitter-bird-white-on-blue.png */; };
		553A9DBE1703E2A40054C7D3 /* ICON - Facebook.jpg in Resources */ = {isa = PBXBuildFile; fileRef = 553A9DBD1703E2A40054C7D3 /* ICON - Facebook.jpg */; };
		553A9DC21703E8270054C7D3 /* checkbox.png in Resources */ = {isa = PBXBuildFile; fileRef = 553A9DBF1703E8260054C7D3 /* checkbox.png */; };
		553A9DC31703E8270054C7D3 /* checkbox-pressed.png in Resources */ = {isa = PBXBuildFile; fileRef = 553A9DC01703E8260054C7D3 /* checkbox-pressed.png */; };
		553A9DC41703E8270054C7D3 /* checkbox-checked.png in Resources */ = {isa = PBXBuildFile; fileRef = 553A9DC11703E8260054C7D3 /* checkbox-checked.png */; };
		553A9DC71703ED090054C7D3 /* Default-568h@2x.png in Resources */ = {isa = PBXBuildFile; fileRef = 553A9DC61703ED090054C7D3 /* Default-568h@2x.png */; };
		5575E84216B070100005CF19 /* boxing.tiff in Resources */ = {isa = PBXBuildFile; fileRef = 5575E82916B070100005CF19 /* boxing.tiff */; };
		5575E85516B070100005CF19 /* Weight Machine.tiff in Resources */ = {isa = PBXBuildFile; fileRef = 5575E83C16B070100005CF19 /* Weight Machine.tiff */; };
		5575E85616B070100005CF19 /* Weights.tiff in Resources */ = {isa = PBXBuildFile; fileRef = 5575E83D16B070100005CF19 /* Weights.tiff */; };
		5583411316E6CEF6005942E2 /* Weight Lost Chart.png in Resources */ = {isa = PBXBuildFile; fileRef = 5583411216E6CEF6005942E2 /* Weight Lost Chart.png */; };
		5583414916E6F863005942E2 /* Motivation_Habit_default.jpg in Resources */ = {isa = PBXBuildFile; fileRef = 5583412F16E6F863005942E2 /* Motivation_Habit_default.jpg */; };
		5583414F16E6F992005942E2 /* WelcomeScreen.m in Sources */ = {isa = PBXBuildFile; fileRef = 5583414E16E6F992005942E2 /* WelcomeScreen.m */; };
		5583415316E6F9E0005942E2 /* CreateAccountScreen.m in Sources */ = {isa = PBXBuildFile; fileRef = 5583415216E6F9E0005942E2 /* CreateAccountScreen.m */; };
		5583415616E6FA0A005942E2 /* SignInScreen.m in Sources */ = {isa = PBXBuildFile; fileRef = 5583415516E6FA0A005942E2 /* SignInScreen.m */; };
		5583415916E6FA38005942E2 /* DashboardScreen.m in Sources */ = {isa = PBXBuildFile; fileRef = 5583415816E6FA38005942E2 /* DashboardScreen.m */; };
		5583415C16E6FA51005942E2 /* AddWorkoutScreen.m in Sources */ = {isa = PBXBuildFile; fileRef = 5583415B16E6FA51005942E2 /* AddWorkoutScreen.m */; };
		5583415F16E6FA87005942E2 /* MotivationScreen.m in Sources */ = {isa = PBXBuildFile; fileRef = 5583415E16E6FA87005942E2 /* MotivationScreen.m */; };
		5583416216E6FABB005942E2 /* GoalsScreen.m in Sources */ = {isa = PBXBuildFile; fileRef = 5583416116E6FABB005942E2 /* GoalsScreen.m */; };
		5583416516E6FAD3005942E2 /* MoreScreen.m in Sources */ = {isa = PBXBuildFile; fileRef = 5583416416E6FAD3005942E2 /* MoreScreen.m */; };
		55A87A1216E7BF7F00FB7381 /* Motivation2_1.jpg in Resources */ = {isa = PBXBuildFile; fileRef = 55A879F216E7BF7E00FB7381 /* Motivation2_1.jpg */; };
		55A87A1316E7BF7F00FB7381 /* Motivation2_2.jpg in Resources */ = {isa = PBXBuildFile; fileRef = 55A879F316E7BF7E00FB7381 /* Motivation2_2.jpg */; };
		55A87A1416E7BF7F00FB7381 /* Motivation2_3.jpg in Resources */ = {isa = PBXBuildFile; fileRef = 55A879F416E7BF7E00FB7381 /* Motivation2_3.jpg */; };
		55A87A1516E7BF7F00FB7381 /* Motivation2_4.jpg in Resources */ = {isa = PBXBuildFile; fileRef = 55A879F516E7BF7E00FB7381 /* Motivation2_4.jpg */; };
		55A87A1616E7BF7F00FB7381 /* Motivation2_5.jpg in Resources */ = {isa = PBXBuildFile; fileRef = 55A879F616E7BF7E00FB7381 /* Motivation2_5.jpg */; };
		55A87A1716E7BF7F00FB7381 /* Motivation2_deault.jpg in Resources */ = {isa = PBXBuildFile; fileRef = 55A879F716E7BF7E00FB7381 /* Motivation2_deault.jpg */; };
		55A87A1D16E7BF7F00FB7381 /* Motivation4_1.jpg in Resources */ = {isa = PBXBuildFile; fileRef = 55A879FD16E7BF7E00FB7381 /* Motivation4_1.jpg */; };
		55A87A1E16E7BF7F00FB7381 /* Motivation4_2.jpg in Resources */ = {isa = PBXBuildFile; fileRef = 55A879FE16E7BF7E00FB7381 /* Motivation4_2.jpg */; };
		55A87A1F16E7BF7F00FB7381 /* Motivation4_3.jpg in Resources */ = {isa = PBXBuildFile; fileRef = 55A879FF16E7BF7E00FB7381 /* Motivation4_3.jpg */; };
		55A87A2016E7BF7F00FB7381 /* Motivation4_4.jpg in Resources */ = {isa = PBXBuildFile; fileRef = 55A87A0016E7BF7E00FB7381 /* Motivation4_4.jpg */; };
		55A87A2116E7BF7F00FB7381 /* Motivation4_Default.jpg in Resources */ = {isa = PBXBuildFile; fileRef = 55A87A0116E7BF7E00FB7381 /* Motivation4_Default.jpg */; };
		55A87A2716E7BF7F00FB7381 /* Motivation6_1.png in Resources */ = {isa = PBXBuildFile; fileRef = 55A87A0716E7BF7F00FB7381 /* Motivation6_1.png */; };
		55A87A2816E7BF7F00FB7381 /* Motivation6_2.png in Resources */ = {isa = PBXBuildFile; fileRef = 55A87A0816E7BF7F00FB7381 /* Motivation6_2.png */; };
		55A87A2916E7BF7F00FB7381 /* Motivation6_3.png in Resources */ = {isa = PBXBuildFile; fileRef = 55A87A0916E7BF7F00FB7381 /* Motivation6_3.png */; };
		55A87A2A16E7BF7F00FB7381 /* Motivation6_4.png in Resources */ = {isa = PBXBuildFile; fileRef = 55A87A0A16E7BF7F00FB7381 /* Motivation6_4.png */; };
		55A87A2B16E7BF7F00FB7381 /* Motivation6_5.png in Resources */ = {isa = PBXBuildFile; fileRef = 55A87A0B16E7BF7F00FB7381 /* Motivation6_5.png */; };
		55A87A2C16E7BF7F00FB7381 /* Motivation6_6.png in Resources */ = {isa = PBXBuildFile; fileRef = 55A87A0C16E7BF7F00FB7381 /* Motivation6_6.png */; };
		55A87A2D16E7BF7F00FB7381 /* Motivation6_Default.png in Resources */ = {isa = PBXBuildFile; fileRef = 55A87A0D16E7BF7F00FB7381 /* Motivation6_Default.png */; };
		55A87A2F16E7C63E00FB7381 /* Social.framework in Frameworks */ = {isa = PBXBuildFile; fileRef = 55A87A2E16E7C63D00FB7381 /* Social.framework */; };
		55A87A3116E7C66100FB7381 /* Accounts.framework in Frameworks */ = {isa = PBXBuildFile; fileRef = 55A87A3016E7C66100FB7381 /* Accounts.framework */; };
		55CC312116EA9BF700CC61B3 /* Motivation1_1.jpg in Resources */ = {isa = PBXBuildFile; fileRef = 55CC311316EA9BF700CC61B3 /* Motivation1_1.jpg */; };
		55CC312216EA9BF700CC61B3 /* Motivation1_2.jpg in Resources */ = {isa = PBXBuildFile; fileRef = 55CC311416EA9BF700CC61B3 /* Motivation1_2.jpg */; };
		55CC312316EA9BF700CC61B3 /* Motivation1_3.jpg in Resources */ = {isa = PBXBuildFile; fileRef = 55CC311516EA9BF700CC61B3 /* Motivation1_3.jpg */; };
		55CC312416EA9BF700CC61B3 /* Motivation1_default.jpg in Resources */ = {isa = PBXBuildFile; fileRef = 55CC311616EA9BF700CC61B3 /* Motivation1_default.jpg */; };
		55CC312516EA9BF700CC61B3 /* Motivation3_1.jpg in Resources */ = {isa = PBXBuildFile; fileRef = 55CC311716EA9BF700CC61B3 /* Motivation3_1.jpg */; };
		55CC312616EA9BF700CC61B3 /* Motivation3_2.jpg in Resources */ = {isa = PBXBuildFile; fileRef = 55CC311816EA9BF700CC61B3 /* Motivation3_2.jpg */; };
		55CC312716EA9BF700CC61B3 /* Motivation3_3.jpg in Resources */ = {isa = PBXBuildFile; fileRef = 55CC311916EA9BF700CC61B3 /* Motivation3_3.jpg */; };
		55CC312816EA9BF700CC61B3 /* Motivation3_4.jpg in Resources */ = {isa = PBXBuildFile; fileRef = 55CC311A16EA9BF700CC61B3 /* Motivation3_4.jpg */; };
		55CC312916EA9BF700CC61B3 /* Motivation3_Default.jpg in Resources */ = {isa = PBXBuildFile; fileRef = 55CC311B16EA9BF700CC61B3 /* Motivation3_Default.jpg */; };
		55CC312A16EA9BF700CC61B3 /* Motivation5_1.jpg in Resources */ = {isa = PBXBuildFile; fileRef = 55CC311C16EA9BF700CC61B3 /* Motivation5_1.jpg */; };
		55CC312B16EA9BF700CC61B3 /* Motivation5_2.jpg in Resources */ = {isa = PBXBuildFile; fileRef = 55CC311D16EA9BF700CC61B3 /* Motivation5_2.jpg */; };
		55CC312C16EA9BF700CC61B3 /* Motivation5_3.jpg in Resources */ = {isa = PBXBuildFile; fileRef = 55CC311E16EA9BF700CC61B3 /* Motivation5_3.jpg */; };
		55CC312D16EA9BF700CC61B3 /* Motivation5_4.jpg in Resources */ = {isa = PBXBuildFile; fileRef = 55CC311F16EA9BF700CC61B3 /* Motivation5_4.jpg */; };
		55CC312E16EA9BF700CC61B3 /* Motivation5_Default.jpg in Resources */ = {isa = PBXBuildFile; fileRef = 55CC312016EA9BF700CC61B3 /* Motivation5_Default.jpg */; };
		55CC313216EBF48200CC61B3 /* Muscle 57 57.png in Resources */ = {isa = PBXBuildFile; fileRef = 55CC313116EBF48200CC61B3 /* Muscle 57 57.png */; };
		55CC313416EBF4DB00CC61B3 /* Muscle 114 114.png in Resources */ = {isa = PBXBuildFile; fileRef = 55CC313316EBF4DB00CC61B3 /* Muscle 114 114.png */; };
		55CC314016EBF5A700CC61B3 /* goals highlighted.png in Resources */ = {isa = PBXBuildFile; fileRef = 55CC313716EBF5A200CC61B3 /* goals highlighted.png */; };
		55CC314116EBF5A700CC61B3 /* hermuscle icon black slogan.jpg in Resources */ = {isa = PBXBuildFile; fileRef = 55CC313816EBF5A300CC61B3 /* hermuscle icon black slogan.jpg */; };
		55CC314316EBF5A700CC61B3 /* log highlighted.png in Resources */ = {isa = PBXBuildFile; fileRef = 55CC313A16EBF5A500CC61B3 /* log highlighted.png */; };
		55CC314416EBF5A700CC61B3 /* more highlighted.png in Resources */ = {isa = PBXBuildFile; fileRef = 55CC313B16EBF5A500CC61B3 /* more highlighted.png */; };
		55CC314516EBF5A700CC61B3 /* motivate highlighted.png in Resources */ = {isa = PBXBuildFile; fileRef = 55CC313C16EBF5A500CC61B3 /* motivate highlighted.png */; };
		55CC314616EBF5A700CC61B3 /* tortoise_hare02.gif in Resources */ = {isa = PBXBuildFile; fileRef = 55CC313D16EBF5A600CC61B3 /* tortoise_hare02.gif */; };
		55CC314816EBFCCB00CC61B3 /* libsqlite3.dylib in Frameworks */ = {isa = PBXBuildFile; fileRef = 55CC314716EBFCCB00CC61B3 /* libsqlite3.dylib */; };
/* End PBXBuildFile section */

/* Begin PBXFileReference section */
		2515984A169DF2E60025FBFC /* HerMuscle.app */ = {isa = PBXFileReference; explicitFileType = wrapper.application; includeInIndex = 0; path = HerMuscle.app; sourceTree = BUILT_PRODUCTS_DIR; };
		2515984E169DF2E60025FBFC /* UIKit.framework */ = {isa = PBXFileReference; lastKnownFileType = wrapper.framework; name = UIKit.framework; path = System/Library/Frameworks/UIKit.framework; sourceTree = SDKROOT; };
		25159850169DF2E60025FBFC /* Foundation.framework */ = {isa = PBXFileReference; lastKnownFileType = wrapper.framework; name = Foundation.framework; path = System/Library/Frameworks/Foundation.framework; sourceTree = SDKROOT; };
		25159852169DF2E60025FBFC /* CoreGraphics.framework */ = {isa = PBXFileReference; lastKnownFileType = wrapper.framework; name = CoreGraphics.framework; path = System/Library/Frameworks/CoreGraphics.framework; sourceTree = SDKROOT; };
		25159856169DF2E60025FBFC /* HerMuscle-Info.plist */ = {isa = PBXFileReference; lastKnownFileType = text.plist.xml; path = "HerMuscle-Info.plist"; sourceTree = "<group>"; };
		25159858169DF2E60025FBFC /* en */ = {isa = PBXFileReference; lastKnownFileType = text.plist.strings; name = en; path = en.lproj/InfoPlist.strings; sourceTree = "<group>"; };
		2515985A169DF2E60025FBFC /* main.m */ = {isa = PBXFileReference; lastKnownFileType = sourcecode.c.objc; path = main.m; sourceTree = "<group>"; };
		2515985C169DF2E60025FBFC /* HerMuscle-Prefix.pch */ = {isa = PBXFileReference; lastKnownFileType = sourcecode.c.h; path = "HerMuscle-Prefix.pch"; sourceTree = "<group>"; };
		2515985D169DF2E60025FBFC /* AppDelegate.h */ = {isa = PBXFileReference; lastKnownFileType = sourcecode.c.h; path = AppDelegate.h; sourceTree = "<group>"; };
		2515985E169DF2E60025FBFC /* AppDelegate.m */ = {isa = PBXFileReference; lastKnownFileType = sourcecode.c.objc; path = AppDelegate.m; sourceTree = "<group>"; };
		25159861169DF2E60025FBFC /* en */ = {isa = PBXFileReference; lastKnownFileType = file.storyboard; name = en; path = en.lproj/MainStoryboard.storyboard; sourceTree = "<group>"; };
		25159863169DF2E60025FBFC /* ViewController.h */ = {isa = PBXFileReference; lastKnownFileType = sourcecode.c.h; path = ViewController.h; sourceTree = "<group>"; };
		25159864169DF2E60025FBFC /* ViewController.m */ = {isa = PBXFileReference; lastKnownFileType = sourcecode.c.objc; path = ViewController.m; sourceTree = "<group>"; };
		55052A1516EFB49900ABA2B1 /* MessageUI.framework */ = {isa = PBXFileReference; lastKnownFileType = wrapper.framework; name = MessageUI.framework; path = System/Library/Frameworks/MessageUI.framework; sourceTree = SDKROOT; };
		55174D4716D59B6B00FD48DD /* Muscle.tiff */ = {isa = PBXFileReference; lastKnownFileType = image.tiff; path = Muscle.tiff; sourceTree = "<group>"; };
		55174D5E16D6F1EF00FD48DD /* my day highlighted.png */ = {isa = PBXFileReference; lastKnownFileType = image.png; path = "my day highlighted.png"; sourceTree = "<group>"; };
		552235E116AB4D8900CD23FA /* hermuscle icon.jpg */ = {isa = PBXFileReference; lastKnownFileType = image.jpeg; name = "hermuscle icon.jpg"; path = "../hermuscleicon/hermuscle icon.jpg"; sourceTree = "<group>"; };
		5538C23816B9F69500917192 /* LogInView.h */ = {isa = PBXFileReference; fileEncoding = 4; lastKnownFileType = sourcecode.c.h; path = LogInView.h; sourceTree = "<group>"; };
		5538C23916B9F69900917192 /* LogInView.m */ = {isa = PBXFileReference; fileEncoding = 4; lastKnownFileType = sourcecode.c.objc; path = LogInView.m; sourceTree = "<group>"; };
		553A9DB516F66F8A0054C7D3 /* libsqlite3.0.dylib */ = {isa = PBXFileReference; lastKnownFileType = "compiled.mach-o.dylib"; name = libsqlite3.0.dylib; path = usr/lib/libsqlite3.0.dylib; sourceTree = SDKROOT; };
		553A9DB71703E1D50054C7D3 /* twitter-bird-blue-on-white.png */ = {isa = PBXFileReference; lastKnownFileType = image.png; name = "twitter-bird-blue-on-white.png"; path = "App Icon Image/twitter-bird-blue-on-white.png"; sourceTree = SOURCE_ROOT; };
		553A9DB81703E1D50054C7D3 /* twitter-bird-light-bgs.png */ = {isa = PBXFileReference; lastKnownFileType = image.png; name = "twitter-bird-light-bgs.png"; path = "App Icon Image/twitter-bird-light-bgs.png"; sourceTree = SOURCE_ROOT; };
		553A9DB91703E1D50054C7D3 /* twitter-bird-white-on-blue.png */ = {isa = PBXFileReference; lastKnownFileType = image.png; name = "twitter-bird-white-on-blue.png"; path = "App Icon Image/twitter-bird-white-on-blue.png"; sourceTree = SOURCE_ROOT; };
		553A9DBD1703E2A40054C7D3 /* ICON - Facebook.jpg */ = {isa = PBXFileReference; lastKnownFileType = image.jpeg; name = "ICON - Facebook.jpg"; path = "App Icon Image/ICON - Facebook.jpg"; sourceTree = "<group>"; };
		553A9DBF1703E8260054C7D3 /* checkbox.png */ = {isa = PBXFileReference; lastKnownFileType = image.png; name = checkbox.png; path = ../../../Downloads/Checkbox/checkbox.png; sourceTree = "<group>"; };
		553A9DC01703E8260054C7D3 /* checkbox-pressed.png */ = {isa = PBXFileReference; lastKnownFileType = image.png; name = "checkbox-pressed.png"; path = "../../../Downloads/Checkbox/checkbox-pressed.png"; sourceTree = "<group>"; };
		553A9DC11703E8260054C7D3 /* checkbox-checked.png */ = {isa = PBXFileReference; lastKnownFileType = image.png; name = "checkbox-checked.png"; path = "../../../Downloads/Checkbox/checkbox-checked.png"; sourceTree = "<group>"; };
		553A9DC61703ED090054C7D3 /* Default-568h@2x.png */ = {isa = PBXFileReference; lastKnownFileType = image.png; path = "Default-568h@2x.png"; sourceTree = "<group>"; };
		5575E82916B070100005CF19 /* boxing.tiff */ = {isa = PBXFileReference; lastKnownFileType = image.tiff; name = boxing.tiff; path = "App Icon Image/boxing.tiff"; sourceTree = "<group>"; };
		5575E83C16B070100005CF19 /* Weight Machine.tiff */ = {isa = PBXFileReference; lastKnownFileType = image.tiff; name = "Weight Machine.tiff"; path = "App Icon Image/Weight Machine.tiff"; sourceTree = "<group>"; };
		5575E83D16B070100005CF19 /* Weights.tiff */ = {isa = PBXFileReference; lastKnownFileType = image.tiff; name = Weights.tiff; path = "App Icon Image/Weights.tiff"; sourceTree = "<group>"; };
		5583411216E6CEF6005942E2 /* Weight Lost Chart.png */ = {isa = PBXFileReference; lastKnownFileType = image.png; path = "Weight Lost Chart.png"; sourceTree = "<group>"; };
		5583412F16E6F863005942E2 /* Motivation_Habit_default.jpg */ = {isa = PBXFileReference; lastKnownFileType = image.jpeg; name = Motivation_Habit_default.jpg; path = ../../../Downloads/reimage/Motivation_Habit_default.jpg; sourceTree = "<group>"; };
		5583414D16E6F992005942E2 /* WelcomeScreen.h */ = {isa = PBXFileReference; fileEncoding = 4; lastKnownFileType = sourcecode.c.h; name = WelcomeScreen.h; path = ../WelcomeScreen.h; sourceTree = "<group>"; };
		5583414E16E6F992005942E2 /* WelcomeScreen.m */ = {isa = PBXFileReference; fileEncoding = 4; lastKnownFileType = sourcecode.c.objc; name = WelcomeScreen.m; path = ../WelcomeScreen.m; sourceTree = "<group>"; };
		5583415116E6F9E0005942E2 /* CreateAccountScreen.h */ = {isa = PBXFileReference; fileEncoding = 4; lastKnownFileType = sourcecode.c.h; name = CreateAccountScreen.h; path = ../CreateAccountScreen.h; sourceTree = "<group>"; };
		5583415216E6F9E0005942E2 /* CreateAccountScreen.m */ = {isa = PBXFileReference; fileEncoding = 4; lastKnownFileType = sourcecode.c.objc; name = CreateAccountScreen.m; path = ../CreateAccountScreen.m; sourceTree = "<group>"; };
		5583415416E6FA0A005942E2 /* SignInScreen.h */ = {isa = PBXFileReference; fileEncoding = 4; lastKnownFileType = sourcecode.c.h; name = SignInScreen.h; path = ../SignInScreen.h; sourceTree = "<group>"; };
		5583415516E6FA0A005942E2 /* SignInScreen.m */ = {isa = PBXFileReference; fileEncoding = 4; lastKnownFileType = sourcecode.c.objc; name = SignInScreen.m; path = ../SignInScreen.m; sourceTree = "<group>"; };
		5583415716E6FA38005942E2 /* DashboardScreen.h */ = {isa = PBXFileReference; fileEncoding = 4; lastKnownFileType = sourcecode.c.h; name = DashboardScreen.h; path = ../DashboardScreen.h; sourceTree = "<group>"; };
		5583415816E6FA38005942E2 /* DashboardScreen.m */ = {isa = PBXFileReference; fileEncoding = 4; lastKnownFileType = sourcecode.c.objc; name = DashboardScreen.m; path = ../DashboardScreen.m; sourceTree = "<group>"; };
		5583415A16E6FA51005942E2 /* AddWorkoutScreen.h */ = {isa = PBXFileReference; fileEncoding = 4; lastKnownFileType = sourcecode.c.h; name = AddWorkoutScreen.h; path = ../AddWorkoutScreen.h; sourceTree = "<group>"; };
		5583415B16E6FA51005942E2 /* AddWorkoutScreen.m */ = {isa = PBXFileReference; fileEncoding = 4; lastKnownFileType = sourcecode.c.objc; name = AddWorkoutScreen.m; path = ../AddWorkoutScreen.m; sourceTree = "<group>"; };
		5583415D16E6FA87005942E2 /* MotivationScreen.h */ = {isa = PBXFileReference; fileEncoding = 4; lastKnownFileType = sourcecode.c.h; name = MotivationScreen.h; path = ../MotivationScreen.h; sourceTree = "<group>"; };
		5583415E16E6FA87005942E2 /* MotivationScreen.m */ = {isa = PBXFileReference; fileEncoding = 4; lastKnownFileType = sourcecode.c.objc; name = MotivationScreen.m; path = ../MotivationScreen.m; sourceTree = "<group>"; };
		5583416016E6FABB005942E2 /* GoalsScreen.h */ = {isa = PBXFileReference; fileEncoding = 4; lastKnownFileType = sourcecode.c.h; name = GoalsScreen.h; path = ../GoalsScreen.h; sourceTree = "<group>"; };
		5583416116E6FABB005942E2 /* GoalsScreen.m */ = {isa = PBXFileReference; fileEncoding = 4; lastKnownFileType = sourcecode.c.objc; name = GoalsScreen.m; path = ../GoalsScreen.m; sourceTree = "<group>"; };
		5583416316E6FAD3005942E2 /* MoreScreen.h */ = {isa = PBXFileReference; fileEncoding = 4; lastKnownFileType = sourcecode.c.h; name = MoreScreen.h; path = ../MoreScreen.h; sourceTree = "<group>"; };
		5583416416E6FAD3005942E2 /* MoreScreen.m */ = {isa = PBXFileReference; fileEncoding = 4; lastKnownFileType = sourcecode.c.objc; name = MoreScreen.m; path = ../MoreScreen.m; sourceTree = "<group>"; };
		55A879F216E7BF7E00FB7381 /* Motivation2_1.jpg */ = {isa = PBXFileReference; lastKnownFileType = image.jpeg; name = Motivation2_1.jpg; path = "../../../Downloads/reimage (1)/Motivation2_1.jpg"; sourceTree = "<group>"; };
		55A879F316E7BF7E00FB7381 /* Motivation2_2.jpg */ = {isa = PBXFileReference; lastKnownFileType = image.jpeg; name = Motivation2_2.jpg; path = "../../../Downloads/reimage (1)/Motivation2_2.jpg"; sourceTree = "<group>"; };
		55A879F416E7BF7E00FB7381 /* Motivation2_3.jpg */ = {isa = PBXFileReference; lastKnownFileType = image.jpeg; name = Motivation2_3.jpg; path = "../../../Downloads/reimage (1)/Motivation2_3.jpg"; sourceTree = "<group>"; };
		55A879F516E7BF7E00FB7381 /* Motivation2_4.jpg */ = {isa = PBXFileReference; lastKnownFileType = image.jpeg; name = Motivation2_4.jpg; path = "../../../Downloads/reimage (1)/Motivation2_4.jpg"; sourceTree = "<group>"; };
		55A879F616E7BF7E00FB7381 /* Motivation2_5.jpg */ = {isa = PBXFileReference; lastKnownFileType = image.jpeg; name = Motivation2_5.jpg; path = "../../../Downloads/reimage (1)/Motivation2_5.jpg"; sourceTree = "<group>"; };
		55A879F716E7BF7E00FB7381 /* Motivation2_deault.jpg */ = {isa = PBXFileReference; lastKnownFileType = image.jpeg; name = Motivation2_deault.jpg; path = "../../../Downloads/reimage (1)/Motivation2_deault.jpg"; sourceTree = "<group>"; };
		55A879FD16E7BF7E00FB7381 /* Motivation4_1.jpg */ = {isa = PBXFileReference; lastKnownFileType = image.jpeg; name = Motivation4_1.jpg; path = "../../../Downloads/reimage (1)/Motivation4_1.jpg"; sourceTree = "<group>"; };
		55A879FE16E7BF7E00FB7381 /* Motivation4_2.jpg */ = {isa = PBXFileReference; lastKnownFileType = image.jpeg; name = Motivation4_2.jpg; path = "../../../Downloads/reimage (1)/Motivation4_2.jpg"; sourceTree = "<group>"; };
		55A879FF16E7BF7E00FB7381 /* Motivation4_3.jpg */ = {isa = PBXFileReference; lastKnownFileType = image.jpeg; name = Motivation4_3.jpg; path = "../../../Downloads/reimage (1)/Motivation4_3.jpg"; sourceTree = "<group>"; };
		55A87A0016E7BF7E00FB7381 /* Motivation4_4.jpg */ = {isa = PBXFileReference; lastKnownFileType = image.jpeg; name = Motivation4_4.jpg; path = "../../../Downloads/reimage (1)/Motivation4_4.jpg"; sourceTree = "<group>"; };
		55A87A0116E7BF7E00FB7381 /* Motivation4_Default.jpg */ = {isa = PBXFileReference; lastKnownFileType = image.jpeg; name = Motivation4_Default.jpg; path = "../../../Downloads/reimage (1)/Motivation4_Default.jpg"; sourceTree = "<group>"; };
		55A87A0716E7BF7F00FB7381 /* Motivation6_1.png */ = {isa = PBXFileReference; lastKnownFileType = image.png; name = Motivation6_1.png; path = "../../../Downloads/reimage (1)/Motivation6_1.png"; sourceTree = "<group>"; };
		55A87A0816E7BF7F00FB7381 /* Motivation6_2.png */ = {isa = PBXFileReference; lastKnownFileType = image.png; name = Motivation6_2.png; path = "../../../Downloads/reimage (1)/Motivation6_2.png"; sourceTree = "<group>"; };
		55A87A0916E7BF7F00FB7381 /* Motivation6_3.png */ = {isa = PBXFileReference; lastKnownFileType = image.png; name = Motivation6_3.png; path = "../../../Downloads/reimage (1)/Motivation6_3.png"; sourceTree = "<group>"; };
		55A87A0A16E7BF7F00FB7381 /* Motivation6_4.png */ = {isa = PBXFileReference; lastKnownFileType = image.png; name = Motivation6_4.png; path = "../../../Downloads/reimage (1)/Motivation6_4.png"; sourceTree = "<group>"; };
		55A87A0B16E7BF7F00FB7381 /* Motivation6_5.png */ = {isa = PBXFileReference; lastKnownFileType = image.png; name = Motivation6_5.png; path = "../../../Downloads/reimage (1)/Motivation6_5.png"; sourceTree = "<group>"; };
		55A87A0C16E7BF7F00FB7381 /* Motivation6_6.png */ = {isa = PBXFileReference; lastKnownFileType = image.png; name = Motivation6_6.png; path = "../../../Downloads/reimage (1)/Motivation6_6.png"; sourceTree = "<group>"; };
		55A87A0D16E7BF7F00FB7381 /* Motivation6_Default.png */ = {isa = PBXFileReference; lastKnownFileType = image.png; name = Motivation6_Default.png; path = "../../../Downloads/reimage (1)/Motivation6_Default.png"; sourceTree = "<group>"; };
		55A87A2E16E7C63D00FB7381 /* Social.framework */ = {isa = PBXFileReference; lastKnownFileType = wrapper.framework; name = Social.framework; path = System/Library/Frameworks/Social.framework; sourceTree = SDKROOT; };
		55A87A3016E7C66100FB7381 /* Accounts.framework */ = {isa = PBXFileReference; lastKnownFileType = wrapper.framework; name = Accounts.framework; path = System/Library/Frameworks/Accounts.framework; sourceTree = SDKROOT; };
		55CC311316EA9BF700CC61B3 /* Motivation1_1.jpg */ = {isa = PBXFileReference; lastKnownFileType = image.jpeg; name = Motivation1_1.jpg; path = "../../../Pictures/iPhoto Library/Modified/2013/Mar 6, 2013/Motivation1_1.jpg"; sourceTree = "<group>"; };
		55CC311416EA9BF700CC61B3 /* Motivation1_2.jpg */ = {isa = PBXFileReference; lastKnownFileType = image.jpeg; name = Motivation1_2.jpg; path = "../../../Pictures/iPhoto Library/Modified/2013/Mar 6, 2013/Motivation1_2.jpg"; sourceTree = "<group>"; };
		55CC311516EA9BF700CC61B3 /* Motivation1_3.jpg */ = {isa = PBXFileReference; lastKnownFileType = image.jpeg; name = Motivation1_3.jpg; path = "../../../Pictures/iPhoto Library/Modified/2013/Mar 6, 2013/Motivation1_3.jpg"; sourceTree = "<group>"; };
		55CC311616EA9BF700CC61B3 /* Motivation1_default.jpg */ = {isa = PBXFileReference; lastKnownFileType = image.jpeg; name = Motivation1_default.jpg; path = "../../../Pictures/iPhoto Library/Modified/2013/Mar 6, 2013/Motivation1_default.jpg"; sourceTree = "<group>"; };
		55CC311716EA9BF700CC61B3 /* Motivation3_1.jpg */ = {isa = PBXFileReference; lastKnownFileType = image.jpeg; name = Motivation3_1.jpg; path = "../../../Pictures/iPhoto Library/Modified/2013/Mar 6, 2013/Motivation3_1.jpg"; sourceTree = "<group>"; };
		55CC311816EA9BF700CC61B3 /* Motivation3_2.jpg */ = {isa = PBXFileReference; lastKnownFileType = image.jpeg; name = Motivation3_2.jpg; path = "../../../Pictures/iPhoto Library/Modified/2013/Mar 6, 2013/Motivation3_2.jpg"; sourceTree = "<group>"; };
		55CC311916EA9BF700CC61B3 /* Motivation3_3.jpg */ = {isa = PBXFileReference; lastKnownFileType = image.jpeg; name = Motivation3_3.jpg; path = "../../../Pictures/iPhoto Library/Modified/2013/Mar 6, 2013/Motivation3_3.jpg"; sourceTree = "<group>"; };
		55CC311A16EA9BF700CC61B3 /* Motivation3_4.jpg */ = {isa = PBXFileReference; lastKnownFileType = image.jpeg; name = Motivation3_4.jpg; path = "../../../Pictures/iPhoto Library/Modified/2013/Mar 6, 2013/Motivation3_4.jpg"; sourceTree = "<group>"; };
		55CC311B16EA9BF700CC61B3 /* Motivation3_Default.jpg */ = {isa = PBXFileReference; lastKnownFileType = image.jpeg; name = Motivation3_Default.jpg; path = "../../../Pictures/iPhoto Library/Modified/2013/Mar 6, 2013/Motivation3_Default.jpg"; sourceTree = "<group>"; };
		55CC311C16EA9BF700CC61B3 /* Motivation5_1.jpg */ = {isa = PBXFileReference; lastKnownFileType = image.jpeg; name = Motivation5_1.jpg; path = "../../../Pictures/iPhoto Library/Modified/2013/Mar 6, 2013/Motivation5_1.jpg"; sourceTree = "<group>"; };
		55CC311D16EA9BF700CC61B3 /* Motivation5_2.jpg */ = {isa = PBXFileReference; lastKnownFileType = image.jpeg; name = Motivation5_2.jpg; path = "../../../Pictures/iPhoto Library/Modified/2013/Mar 6, 2013/Motivation5_2.jpg"; sourceTree = "<group>"; };
		55CC311E16EA9BF700CC61B3 /* Motivation5_3.jpg */ = {isa = PBXFileReference; lastKnownFileType = image.jpeg; name = Motivation5_3.jpg; path = "../../../Pictures/iPhoto Library/Modified/2013/Mar 6, 2013/Motivation5_3.jpg"; sourceTree = "<group>"; };
		55CC311F16EA9BF700CC61B3 /* Motivation5_4.jpg */ = {isa = PBXFileReference; lastKnownFileType = image.jpeg; name = Motivation5_4.jpg; path = "../../../Pictures/iPhoto Library/Modified/2013/Mar 6, 2013/Motivation5_4.jpg"; sourceTree = "<group>"; };
		55CC312016EA9BF700CC61B3 /* Motivation5_Default.jpg */ = {isa = PBXFileReference; lastKnownFileType = image.jpeg; name = Motivation5_Default.jpg; path = "../../../Pictures/iPhoto Library/Modified/2013/Mar 6, 2013/Motivation5_Default.jpg"; sourceTree = "<group>"; };
		55CC313116EBF48200CC61B3 /* Muscle 57 57.png */ = {isa = PBXFileReference; lastKnownFileType = image.png; path = "Muscle 57 57.png"; sourceTree = "<group>"; };
		55CC313316EBF4DB00CC61B3 /* Muscle 114 114.png */ = {isa = PBXFileReference; lastKnownFileType = image.png; path = "Muscle 114 114.png"; sourceTree = "<group>"; };
		55CC313716EBF5A200CC61B3 /* goals highlighted.png */ = {isa = PBXFileReference; lastKnownFileType = image.png; name = "goals highlighted.png"; path = "App Icon Image/goals highlighted.png"; sourceTree = "<group>"; };
		55CC313816EBF5A300CC61B3 /* hermuscle icon black slogan.jpg */ = {isa = PBXFileReference; lastKnownFileType = image.jpeg; name = "hermuscle icon black slogan.jpg"; path = "App Icon Image/hermuscle icon black slogan.jpg"; sourceTree = "<group>"; };
		55CC313A16EBF5A500CC61B3 /* log highlighted.png */ = {isa = PBXFileReference; lastKnownFileType = image.png; name = "log highlighted.png"; path = "App Icon Image/log highlighted.png"; sourceTree = "<group>"; };
		55CC313B16EBF5A500CC61B3 /* more highlighted.png */ = {isa = PBXFileReference; lastKnownFileType = image.png; name = "more highlighted.png"; path = "App Icon Image/more highlighted.png"; sourceTree = "<group>"; };
		55CC313C16EBF5A500CC61B3 /* motivate highlighted.png */ = {isa = PBXFileReference; lastKnownFileType = image.png; name = "motivate highlighted.png"; path = "App Icon Image/motivate highlighted.png"; sourceTree = "<group>"; };
		55CC313D16EBF5A600CC61B3 /* tortoise_hare02.gif */ = {isa = PBXFileReference; lastKnownFileType = image.gif; name = tortoise_hare02.gif; path = "App Icon Image/tortoise_hare02.gif"; sourceTree = "<group>"; };
		55CC314716EBFCCB00CC61B3 /* libsqlite3.dylib */ = {isa = PBXFileReference; lastKnownFileType = "compiled.mach-o.dylib"; name = libsqlite3.dylib; path = usr/lib/libsqlite3.dylib; sourceTree = SDKROOT; };
/* End PBXFileReference section */

/* Begin PBXFrameworksBuildPhase section */
		25159847169DF2E60025FBFC /* Frameworks */ = {
			isa = PBXFrameworksBuildPhase;
			buildActionMask = 2147483647;
			files = (
				553A9DB616F66F8B0054C7D3 /* libsqlite3.0.dylib in Frameworks */,
				55052A1616EFB49900ABA2B1 /* MessageUI.framework in Frameworks */,
				55CC314816EBFCCB00CC61B3 /* libsqlite3.dylib in Frameworks */,
				55A87A3116E7C66100FB7381 /* Accounts.framework in Frameworks */,
				55A87A2F16E7C63E00FB7381 /* Social.framework in Frameworks */,
				2515984F169DF2E60025FBFC /* UIKit.framework in Frameworks */,
				25159851169DF2E60025FBFC /* Foundation.framework in Frameworks */,
				25159853169DF2E60025FBFC /* CoreGraphics.framework in Frameworks */,
			);
			runOnlyForDeploymentPostprocessing = 0;
		};
/* End PBXFrameworksBuildPhase section */

/* Begin PBXGroup section */
		2515983F169DF2E50025FBFC = {
			isa = PBXGroup;
			children = (
				553A9DC61703ED090054C7D3 /* Default-568h@2x.png */,
				553A9DB516F66F8A0054C7D3 /* libsqlite3.0.dylib */,
				55052A1516EFB49900ABA2B1 /* MessageUI.framework */,
				55CC314716EBFCCB00CC61B3 /* libsqlite3.dylib */,
				55CC313316EBF4DB00CC61B3 /* Muscle 114 114.png */,
				55CC313116EBF48200CC61B3 /* Muscle 57 57.png */,
				55A87A3016E7C66100FB7381 /* Accounts.framework */,
				55A87A2E16E7C63D00FB7381 /* Social.framework */,
				5583415016E6F9AD005942E2 /* Images */,
				25159854169DF2E60025FBFC /* HerMuscle */,
				5538C23816B9F69500917192 /* LogInView.h */,
				5538C23916B9F69900917192 /* LogInView.m */,
				2515984D169DF2E60025FBFC /* Frameworks */,
				2515984B169DF2E60025FBFC /* Products */,
			);
			sourceTree = "<group>";
		};
		2515984B169DF2E60025FBFC /* Products */ = {
			isa = PBXGroup;
			children = (
				2515984A169DF2E60025FBFC /* HerMuscle.app */,
			);
			name = Products;
			sourceTree = "<group>";
		};
		2515984D169DF2E60025FBFC /* Frameworks */ = {
			isa = PBXGroup;
			children = (
				2515984E169DF2E60025FBFC /* UIKit.framework */,
				25159850169DF2E60025FBFC /* Foundation.framework */,
				25159852169DF2E60025FBFC /* CoreGraphics.framework */,
			);
			name = Frameworks;
			sourceTree = "<group>";
		};
		25159854169DF2E60025FBFC /* HerMuscle */ = {
			isa = PBXGroup;
			children = (
				2515985D169DF2E60025FBFC /* AppDelegate.h */,
				2515985E169DF2E60025FBFC /* AppDelegate.m */,
				25159860169DF2E60025FBFC /* MainStoryboard.storyboard */,
				25159863169DF2E60025FBFC /* ViewController.h */,
				25159864169DF2E60025FBFC /* ViewController.m */,
				5583414D16E6F992005942E2 /* WelcomeScreen.h */,
				5583414E16E6F992005942E2 /* WelcomeScreen.m */,
				5583415116E6F9E0005942E2 /* CreateAccountScreen.h */,
				5583415216E6F9E0005942E2 /* CreateAccountScreen.m */,
				5583415416E6FA0A005942E2 /* SignInScreen.h */,
				5583415516E6FA0A005942E2 /* SignInScreen.m */,
				5583415716E6FA38005942E2 /* DashboardScreen.h */,
				5583415816E6FA38005942E2 /* DashboardScreen.m */,
				5583415A16E6FA51005942E2 /* AddWorkoutScreen.h */,
				5583415B16E6FA51005942E2 /* AddWorkoutScreen.m */,
				5583415D16E6FA87005942E2 /* MotivationScreen.h */,
				5583415E16E6FA87005942E2 /* MotivationScreen.m */,
				5583416016E6FABB005942E2 /* GoalsScreen.h */,
				5583416116E6FABB005942E2 /* GoalsScreen.m */,
				5583416316E6FAD3005942E2 /* MoreScreen.h */,
				5583416416E6FAD3005942E2 /* MoreScreen.m */,
				25159855169DF2E60025FBFC /* Supporting Files */,
			);
			path = HerMuscle;
			sourceTree = "<group>";
		};
		25159855169DF2E60025FBFC /* Supporting Files */ = {
			isa = PBXGroup;
			children = (
				25159856169DF2E60025FBFC /* HerMuscle-Info.plist */,
				25159857169DF2E60025FBFC /* InfoPlist.strings */,
				2515985A169DF2E60025FBFC /* main.m */,
				2515985C169DF2E60025FBFC /* HerMuscle-Prefix.pch */,
			);
			name = "Supporting Files";
			sourceTree = "<group>";
		};
		553A9DC51703E8350054C7D3 /* CheckBox */ = {
			isa = PBXGroup;
			children = (
				553A9DBF1703E8260054C7D3 /* checkbox.png */,
				553A9DC01703E8260054C7D3 /* checkbox-pressed.png */,
				553A9DC11703E8260054C7D3 /* checkbox-checked.png */,
			);
			name = CheckBox;
			sourceTree = "<group>";
		};
		5583415016E6F9AD005942E2 /* Images */ = {
			isa = PBXGroup;
			children = (
				553A9DC51703E8350054C7D3 /* CheckBox */,
				55A879ED16E7BF6000FB7381 /* Motivation */,
				55174D4716D59B6B00FD48DD /* Muscle.tiff */,
				5575E82916B070100005CF19 /* boxing.tiff */,
				553A9DBD1703E2A40054C7D3 /* ICON - Facebook.jpg */,
				55174D5E16D6F1EF00FD48DD /* my day highlighted.png */,
				5583411216E6CEF6005942E2 /* Weight Lost Chart.png */,
				55CC313716EBF5A200CC61B3 /* goals highlighted.png */,
				55CC313816EBF5A300CC61B3 /* hermuscle icon black slogan.jpg */,
				55CC313A16EBF5A500CC61B3 /* log highlighted.png */,
				55CC313B16EBF5A500CC61B3 /* more highlighted.png */,
				55CC313C16EBF5A500CC61B3 /* motivate highlighted.png */,
				55CC313D16EBF5A600CC61B3 /* tortoise_hare02.gif */,
				5575E83C16B070100005CF19 /* Weight Machine.tiff */,
				5575E83D16B070100005CF19 /* Weights.tiff */,
				553A9DB71703E1D50054C7D3 /* twitter-bird-blue-on-white.png */,
				553A9DB81703E1D50054C7D3 /* twitter-bird-light-bgs.png */,
				553A9DB91703E1D50054C7D3 /* twitter-bird-white-on-blue.png */,
				552235E116AB4D8900CD23FA /* hermuscle icon.jpg */,
			);
			name = Images;
			sourceTree = "<group>";
		};
		55A879ED16E7BF6000FB7381 /* Motivation */ = {
			isa = PBXGroup;
			children = (
				55A879F216E7BF7E00FB7381 /* Motivation2_1.jpg */,
				55A879F316E7BF7E00FB7381 /* Motivation2_2.jpg */,
				55A879F416E7BF7E00FB7381 /* Motivation2_3.jpg */,
				55A879F516E7BF7E00FB7381 /* Motivation2_4.jpg */,
				55A879F616E7BF7E00FB7381 /* Motivation2_5.jpg */,
				55CC311316EA9BF700CC61B3 /* Motivation1_1.jpg */,
				55CC311416EA9BF700CC61B3 /* Motivation1_2.jpg */,
				55CC311516EA9BF700CC61B3 /* Motivation1_3.jpg */,
				55CC311616EA9BF700CC61B3 /* Motivation1_default.jpg */,
				55CC311716EA9BF700CC61B3 /* Motivation3_1.jpg */,
				55CC311816EA9BF700CC61B3 /* Motivation3_2.jpg */,
				55CC311916EA9BF700CC61B3 /* Motivation3_3.jpg */,
				55CC311A16EA9BF700CC61B3 /* Motivation3_4.jpg */,
				55CC311B16EA9BF700CC61B3 /* Motivation3_Default.jpg */,
				55CC311C16EA9BF700CC61B3 /* Motivation5_1.jpg */,
				55CC311D16EA9BF700CC61B3 /* Motivation5_2.jpg */,
				55CC311E16EA9BF700CC61B3 /* Motivation5_3.jpg */,
				55CC311F16EA9BF700CC61B3 /* Motivation5_4.jpg */,
				55CC312016EA9BF700CC61B3 /* Motivation5_Default.jpg */,
				55A879F716E7BF7E00FB7381 /* Motivation2_deault.jpg */,
				55A879FD16E7BF7E00FB7381 /* Motivation4_1.jpg */,
				55A879FE16E7BF7E00FB7381 /* Motivation4_2.jpg */,
				55A879FF16E7BF7E00FB7381 /* Motivation4_3.jpg */,
				55A87A0016E7BF7E00FB7381 /* Motivation4_4.jpg */,
				55A87A0116E7BF7E00FB7381 /* Motivation4_Default.jpg */,
				55A87A0716E7BF7F00FB7381 /* Motivation6_1.png */,
				55A87A0816E7BF7F00FB7381 /* Motivation6_2.png */,
				55A87A0916E7BF7F00FB7381 /* Motivation6_3.png */,
				55A87A0A16E7BF7F00FB7381 /* Motivation6_4.png */,
				5583412F16E6F863005942E2 /* Motivation_Habit_default.jpg */,
				55A87A0B16E7BF7F00FB7381 /* Motivation6_5.png */,
				55A87A0C16E7BF7F00FB7381 /* Motivation6_6.png */,
				55A87A0D16E7BF7F00FB7381 /* Motivation6_Default.png */,
			);
			name = Motivation;
			sourceTree = "<group>";
		};
/* End PBXGroup section */

/* Begin PBXNativeTarget section */
		25159849169DF2E60025FBFC /* HerMuscle */ = {
			isa = PBXNativeTarget;
			buildConfigurationList = 25159868169DF2E60025FBFC /* Build configuration list for PBXNativeTarget "HerMuscle" */;
			buildPhases = (
				25159846169DF2E60025FBFC /* Sources */,
				25159847169DF2E60025FBFC /* Frameworks */,
				25159848169DF2E60025FBFC /* Resources */,
			);
			buildRules = (
			);
			dependencies = (
			);
			name = HerMuscle;
			productName = HerMuscle;
			productReference = 2515984A169DF2E60025FBFC /* HerMuscle.app */;
			productType = "com.apple.product-type.application";
		};
/* End PBXNativeTarget section */

/* Begin PBXProject section */
		25159841169DF2E50025FBFC /* Project object */ = {
			isa = PBXProject;
			attributes = {
				LastUpgradeCheck = 0430;
			};
			buildConfigurationList = 25159844169DF2E50025FBFC /* Build configuration list for PBXProject "HerMuscle" */;
			compatibilityVersion = "Xcode 3.2";
			developmentRegion = English;
			hasScannedForEncodings = 0;
			knownRegions = (
				en,
			);
			mainGroup = 2515983F169DF2E50025FBFC;
			productRefGroup = 2515984B169DF2E60025FBFC /* Products */;
			projectDirPath = "";
			projectRoot = "";
			targets = (
				25159849169DF2E60025FBFC /* HerMuscle */,
			);
		};
/* End PBXProject section */

/* Begin PBXResourcesBuildPhase section */
		25159848169DF2E60025FBFC /* Resources */ = {
			isa = PBXResourcesBuildPhase;
			buildActionMask = 2147483647;
			files = (
				25159859169DF2E60025FBFC /* InfoPlist.strings in Resources */,
				25159862169DF2E60025FBFC /* MainStoryboard.storyboard in Resources */,
				552235E916AB4D8900CD23FA /* hermuscle icon.jpg in Resources */,
				5575E84216B070100005CF19 /* boxing.tiff in Resources */,
				5575E85516B070100005CF19 /* Weight Machine.tiff in Resources */,
				5575E85616B070100005CF19 /* Weights.tiff in Resources */,
				55174D4816D59B6B00FD48DD /* Muscle.tiff in Resources */,
				55174D6216D6F1EF00FD48DD /* my day highlighted.png in Resources */,
				5583411316E6CEF6005942E2 /* Weight Lost Chart.png in Resources */,
				5583414916E6F863005942E2 /* Motivation_Habit_default.jpg in Resources */,
				55A87A1216E7BF7F00FB7381 /* Motivation2_1.jpg in Resources */,
				55A87A1316E7BF7F00FB7381 /* Motivation2_2.jpg in Resources */,
				55A87A1416E7BF7F00FB7381 /* Motivation2_3.jpg in Resources */,
				55A87A1516E7BF7F00FB7381 /* Motivation2_4.jpg in Resources */,
				55A87A1616E7BF7F00FB7381 /* Motivation2_5.jpg in Resources */,
				55A87A1716E7BF7F00FB7381 /* Motivation2_deault.jpg in Resources */,
				55A87A1D16E7BF7F00FB7381 /* Motivation4_1.jpg in Resources */,
				55A87A1E16E7BF7F00FB7381 /* Motivation4_2.jpg in Resources */,
				55A87A1F16E7BF7F00FB7381 /* Motivation4_3.jpg in Resources */,
				55A87A2016E7BF7F00FB7381 /* Motivation4_4.jpg in Resources */,
				55A87A2116E7BF7F00FB7381 /* Motivation4_Default.jpg in Resources */,
				55A87A2716E7BF7F00FB7381 /* Motivation6_1.png in Resources */,
				55A87A2816E7BF7F00FB7381 /* Motivation6_2.png in Resources */,
				55A87A2916E7BF7F00FB7381 /* Motivation6_3.png in Resources */,
				55A87A2A16E7BF7F00FB7381 /* Motivation6_4.png in Resources */,
				55A87A2B16E7BF7F00FB7381 /* Motivation6_5.png in Resources */,
				55A87A2C16E7BF7F00FB7381 /* Motivation6_6.png in Resources */,
				55A87A2D16E7BF7F00FB7381 /* Motivation6_Default.png in Resources */,
				55CC312116EA9BF700CC61B3 /* Motivation1_1.jpg in Resources */,
				55CC312216EA9BF700CC61B3 /* Motivation1_2.jpg in Resources */,
				55CC312316EA9BF700CC61B3 /* Motivation1_3.jpg in Resources */,
				55CC312416EA9BF700CC61B3 /* Motivation1_default.jpg in Resources */,
				55CC312516EA9BF700CC61B3 /* Motivation3_1.jpg in Resources */,
				55CC312616EA9BF700CC61B3 /* Motivation3_2.jpg in Resources */,
				55CC312716EA9BF700CC61B3 /* Motivation3_3.jpg in Resources */,
				55CC312816EA9BF700CC61B3 /* Motivation3_4.jpg in Resources */,
				55CC312916EA9BF700CC61B3 /* Motivation3_Default.jpg in Resources */,
				55CC312A16EA9BF700CC61B3 /* Motivation5_1.jpg in Resources */,
				55CC312B16EA9BF700CC61B3 /* Motivation5_2.jpg in Resources */,
				55CC312C16EA9BF700CC61B3 /* Motivation5_3.jpg in Resources */,
				55CC312D16EA9BF700CC61B3 /* Motivation5_4.jpg in Resources */,
				55CC312E16EA9BF700CC61B3 /* Motivation5_Default.jpg in Resources */,
				55CC313216EBF48200CC61B3 /* Muscle 57 57.png in Resources */,
				55CC313416EBF4DB00CC61B3 /* Muscle 114 114.png in Resources */,
				55CC314016EBF5A700CC61B3 /* goals highlighted.png in Resources */,
				55CC314116EBF5A700CC61B3 /* hermuscle icon black slogan.jpg in Resources */,
				55CC314316EBF5A700CC61B3 /* log highlighted.png in Resources */,
				55CC314416EBF5A700CC61B3 /* more highlighted.png in Resources */,
				55CC314516EBF5A700CC61B3 /* motivate highlighted.png in Resources */,
				55CC314616EBF5A700CC61B3 /* tortoise_hare02.gif in Resources */,
				553A9DBA1703E1D50054C7D3 /* twitter-bird-blue-on-white.png in Resources */,
				553A9DBB1703E1D50054C7D3 /* twitter-bird-light-bgs.png in Resources */,
				553A9DBC1703E1D50054C7D3 /* twitter-bird-white-on-blue.png in Resources */,
				553A9DBE1703E2A40054C7D3 /* ICON - Facebook.jpg in Resources */,
				553A9DC21703E8270054C7D3 /* checkbox.png in Resources */,
				553A9DC31703E8270054C7D3 /* checkbox-pressed.png in Resources */,
				553A9DC41703E8270054C7D3 /* checkbox-checked.png in Resources */,
				553A9DC71703ED090054C7D3 /* Default-568h@2x.png in Resources */,
			);
			runOnlyForDeploymentPostprocessing = 0;
		};
/* End PBXResourcesBuildPhase section */

/* Begin PBXSourcesBuildPhase section */
		25159846169DF2E60025FBFC /* Sources */ = {
			isa = PBXSourcesBuildPhase;
			buildActionMask = 2147483647;
			files = (
				2515985B169DF2E60025FBFC /* main.m in Sources */,
				2515985F169DF2E60025FBFC /* AppDelegate.m in Sources */,
				25159865169DF2E60025FBFC /* ViewController.m in Sources */,
				5538C23A16B9F69B00917192 /* LogInView.m in Sources */,
				5583414F16E6F992005942E2 /* WelcomeScreen.m in Sources */,
				5583415316E6F9E0005942E2 /* CreateAccountScreen.m in Sources */,
				5583415616E6FA0A005942E2 /* SignInScreen.m in Sources */,
				5583415916E6FA38005942E2 /* DashboardScreen.m in Sources */,
				5583415C16E6FA51005942E2 /* AddWorkoutScreen.m in Sources */,
				5583415F16E6FA87005942E2 /* MotivationScreen.m in Sources */,
				5583416216E6FABB005942E2 /* GoalsScreen.m in Sources */,
				5583416516E6FAD3005942E2 /* MoreScreen.m in Sources */,
			);
			runOnlyForDeploymentPostprocessing = 0;
		};
/* End PBXSourcesBuildPhase section */

/* Begin PBXVariantGroup section */
		25159857169DF2E60025FBFC /* InfoPlist.strings */ = {
			isa = PBXVariantGroup;
			children = (
				25159858169DF2E60025FBFC /* en */,
			);
			name = InfoPlist.strings;
			sourceTree = "<group>";
		};
		25159860169DF2E60025FBFC /* MainStoryboard.storyboard */ = {
			isa = PBXVariantGroup;
			children = (
				25159861169DF2E60025FBFC /* en */,
			);
			name = MainStoryboard.storyboard;
			sourceTree = "<group>";
		};
/* End PBXVariantGroup section */

/* Begin XCBuildConfiguration section */
		25159866169DF2E60025FBFC /* Debug */ = {
			isa = XCBuildConfiguration;
			buildSettings = {
				ALWAYS_SEARCH_USER_PATHS = NO;
				ARCHS = "$(ARCHS_STANDARD_32_BIT)";
				CLANG_ENABLE_OBJC_ARC = YES;
				"CODE_SIGN_IDENTITY[sdk=iphoneos*]" = "iPhone Developer";
				COPY_PHASE_STRIP = NO;
				GCC_C_LANGUAGE_STANDARD = gnu99;
				GCC_DYNAMIC_NO_PIC = NO;
				GCC_OPTIMIZATION_LEVEL = 0;
				GCC_PREPROCESSOR_DEFINITIONS = (
					"DEBUG=1",
					"$(inherited)",
				);
				GCC_SYMBOLS_PRIVATE_EXTERN = NO;
				GCC_VERSION = com.apple.compilers.llvm.clang.1_0;
				GCC_WARN_ABOUT_RETURN_TYPE = YES;
				GCC_WARN_UNINITIALIZED_AUTOS = YES;
				GCC_WARN_UNUSED_VARIABLE = YES;
				IPHONEOS_DEPLOYMENT_TARGET = 5.1;
				SDKROOT = iphoneos;
			};
			name = Debug;
		};
		25159867169DF2E60025FBFC /* Release */ = {
			isa = XCBuildConfiguration;
			buildSettings = {
				ALWAYS_SEARCH_USER_PATHS = NO;
				ARCHS = "$(ARCHS_STANDARD_32_BIT)";
				CLANG_ENABLE_OBJC_ARC = YES;
				"CODE_SIGN_IDENTITY[sdk=iphoneos*]" = "iPhone Developer";
				COPY_PHASE_STRIP = YES;
				GCC_C_LANGUAGE_STANDARD = gnu99;
				GCC_VERSION = com.apple.compilers.llvm.clang.1_0;
				GCC_WARN_ABOUT_RETURN_TYPE = YES;
				GCC_WARN_UNINITIALIZED_AUTOS = YES;
				GCC_WARN_UNUSED_VARIABLE = YES;
				IPHONEOS_DEPLOYMENT_TARGET = 5.1;
				OTHER_CFLAGS = "-DNS_BLOCK_ASSERTIONS=1";
				SDKROOT = iphoneos;
				VALIDATE_PRODUCT = YES;
			};
			name = Release;
		};
		25159869169DF2E60025FBFC /* Debug */ = {
			isa = XCBuildConfiguration;
			buildSettings = {
				GCC_PRECOMPILE_PREFIX_HEADER = YES;
				GCC_PREFIX_HEADER = "HerMuscle/HerMuscle-Prefix.pch";
				INFOPLIST_FILE = "HerMuscle/HerMuscle-Info.plist";
				PRODUCT_NAME = "$(TARGET_NAME)";
				WRAPPER_EXTENSION = app;
			};
			name = Debug;
		};
		2515986A169DF2E60025FBFC /* Release */ = {
			isa = XCBuildConfiguration;
			buildSettings = {
				GCC_PRECOMPILE_PREFIX_HEADER = YES;
				GCC_PREFIX_HEADER = "HerMuscle/HerMuscle-Prefix.pch";
				INFOPLIST_FILE = "HerMuscle/HerMuscle-Info.plist";
				PRODUCT_NAME = "$(TARGET_NAME)";
				WRAPPER_EXTENSION = app;
			};
			name = Release;
		};
/* End XCBuildConfiguration section */

/* Begin XCConfigurationList section */
		25159844169DF2E50025FBFC /* Build configuration list for PBXProject "HerMuscle" */ = {
			isa = XCConfigurationList;
			buildConfigurations = (
				25159866169DF2E60025FBFC /* Debug */,
				25159867169DF2E60025FBFC /* Release */,
			);
			defaultConfigurationIsVisible = 0;
			defaultConfigurationName = Release;
		};
		25159868169DF2E60025FBFC /* Build configuration list for PBXNativeTarget "HerMuscle" */ = {
			isa = XCConfigurationList;
			buildConfigurations = (
				25159869169DF2E60025FBFC /* Debug */,
				2515986A169DF2E60025FBFC /* Release */,
			);
			defaultConfigurationIsVisible = 0;
			defaultConfigurationName = Release;
		};
/* End XCConfigurationList section */
	};
	rootObject = 25159841169DF2E50025FBFC /* Project object */;
}
